// !$*UTF8*$!
{
	archiveVersion = 1;
	classes = {
	};
	objectVersion = 56;
	objects = {

/* Begin PBXBuildFile section */
		79A6CB6329CB09070086C6A6 /* WeatherMenuApp.swift in Sources */ = {isa = PBXBuildFile; fileRef = 79A6CB6229CB09070086C6A6 /* WeatherMenuApp.swift */; };
		79A6CB6529CB09070086C6A6 /* ContentView.swift in Sources */ = {isa = PBXBuildFile; fileRef = 79A6CB6429CB09070086C6A6 /* ContentView.swift */; };
		79A6CB6729CB09080086C6A6 /* Assets.xcassets in Resources */ = {isa = PBXBuildFile; fileRef = 79A6CB6629CB09080086C6A6 /* Assets.xcassets */; };
		79A6CB6A29CB09080086C6A6 /* Preview Assets.xcassets in Resources */ = {isa = PBXBuildFile; fileRef = 79A6CB6929CB09080086C6A6 /* Preview Assets.xcassets */; };
		79A6CB7329CB09E30086C6A6 /* LocationManager.swift in Sources */ = {isa = PBXBuildFile; fileRef = 79A6CB7229CB09E30086C6A6 /* LocationManager.swift */; };
		79A6CB7629CB0DA60086C6A6 /* WelcomevView.swift in Sources */ = {isa = PBXBuildFile; fileRef = 79A6CB7529CB0DA60086C6A6 /* WelcomevView.swift */; };
		79A6CB7829CB11180086C6A6 /* LoadingView.swift in Sources */ = {isa = PBXBuildFile; fileRef = 79A6CB7729CB11180086C6A6 /* LoadingView.swift */; };
		79A6CB7A29CC24090086C6A6 /* WeatherManager.swift in Sources */ = {isa = PBXBuildFile; fileRef = 79A6CB7929CC24090086C6A6 /* WeatherManager.swift */; };
		79A6CB7C29CD8FCA0086C6A6 /* WeatherView.swift in Sources */ = {isa = PBXBuildFile; fileRef = 79A6CB7B29CD8FCA0086C6A6 /* WeatherView.swift */; };
		79A6CB7E29CD93FD0086C6A6 /* ModelData.swift in Sources */ = {isa = PBXBuildFile; fileRef = 79A6CB7D29CD93FD0086C6A6 /* ModelData.swift */; };
		79A6CB8229CF19F60086C6A6 /* weatherData.json in Resources */ = {isa = PBXBuildFile; fileRef = 79A6CB8129CF19F60086C6A6 /* weatherData.json */; };
		79A6CB8429CF1B520086C6A6 /* Extension.swift in Sources */ = {isa = PBXBuildFile; fileRef = 79A6CB8329CF1B520086C6A6 /* Extension.swift */; };
		79A6CB8729CF35DA0086C6A6 /* WeatherRow.swift in Sources */ = {isa = PBXBuildFile; fileRef = 79A6CB8629CF35DA0086C6A6 /* WeatherRow.swift */; };
		79A6CBA529D03E060086C6A6 /* ContentViewPlant.swift in Sources */ = {isa = PBXBuildFile; fileRef = 79A6CBA429D03E060086C6A6 /* ContentViewPlant.swift */; };
		79A6CBA729D03E400086C6A6 /* ChoosePlant.swift in Sources */ = {isa = PBXBuildFile; fileRef = 79A6CBA629D03E400086C6A6 /* ChoosePlant.swift */; };
		79A6CBA929D03E5E0086C6A6 /* Plant.swift in Sources */ = {isa = PBXBuildFile; fileRef = 79A6CBA829D03E5E0086C6A6 /* Plant.swift */; };
		79A6CBAB29D03E7A0086C6A6 /* Description.swift in Sources */ = {isa = PBXBuildFile; fileRef = 79A6CBAA29D03E7A0086C6A6 /* Description.swift */; };
		79A6CBAD29D03E950086C6A6 /* LocalNotification.swift in Sources */ = {isa = PBXBuildFile; fileRef = 79A6CBAC29D03E950086C6A6 /* LocalNotification.swift */; };
		79A6CBAF29D03EB30086C6A6 /* LandingView.swift in Sources */ = {isa = PBXBuildFile; fileRef = 79A6CBAE29D03EB30086C6A6 /* LandingView.swift */; };
/* End PBXBuildFile section */

/* Begin PBXFileReference section */
		79A6CB5F29CB09070086C6A6 /* WeatherMenu.app */ = {isa = PBXFileReference; explicitFileType = wrapper.application; includeInIndex = 0; path = WeatherMenu.app; sourceTree = BUILT_PRODUCTS_DIR; };
		79A6CB6229CB09070086C6A6 /* WeatherMenuApp.swift */ = {isa = PBXFileReference; lastKnownFileType = sourcecode.swift; path = WeatherMenuApp.swift; sourceTree = "<group>"; };
		79A6CB6429CB09070086C6A6 /* ContentView.swift */ = {isa = PBXFileReference; lastKnownFileType = sourcecode.swift; path = ContentView.swift; sourceTree = "<group>"; };
		79A6CB6629CB09080086C6A6 /* Assets.xcassets */ = {isa = PBXFileReference; lastKnownFileType = folder.assetcatalog; path = Assets.xcassets; sourceTree = "<group>"; };
		79A6CB6929CB09080086C6A6 /* Preview Assets.xcassets */ = {isa = PBXFileReference; lastKnownFileType = folder.assetcatalog; path = "Preview Assets.xcassets"; sourceTree = "<group>"; };
		79A6CB7229CB09E30086C6A6 /* LocationManager.swift */ = {isa = PBXFileReference; lastKnownFileType = sourcecode.swift; path = LocationManager.swift; sourceTree = "<group>"; };
		79A6CB7529CB0DA60086C6A6 /* WelcomevView.swift */ = {isa = PBXFileReference; lastKnownFileType = sourcecode.swift; path = WelcomevView.swift; sourceTree = "<group>"; };
		79A6CB7729CB11180086C6A6 /* LoadingView.swift */ = {isa = PBXFileReference; lastKnownFileType = sourcecode.swift; path = LoadingView.swift; sourceTree = "<group>"; };
		79A6CB7929CC24090086C6A6 /* WeatherManager.swift */ = {isa = PBXFileReference; lastKnownFileType = sourcecode.swift; path = WeatherManager.swift; sourceTree = "<group>"; };
		79A6CB7B29CD8FCA0086C6A6 /* WeatherView.swift */ = {isa = PBXFileReference; lastKnownFileType = sourcecode.swift; path = WeatherView.swift; sourceTree = "<group>"; };
		79A6CB7D29CD93FD0086C6A6 /* ModelData.swift */ = {isa = PBXFileReference; lastKnownFileType = sourcecode.swift; path = ModelData.swift; sourceTree = "<group>"; };
		79A6CB8129CF19F60086C6A6 /* weatherData.json */ = {isa = PBXFileReference; lastKnownFileType = text.json; path = weatherData.json; sourceTree = "<group>"; };
		79A6CB8329CF1B520086C6A6 /* Extension.swift */ = {isa = PBXFileReference; lastKnownFileType = sourcecode.swift; path = Extension.swift; sourceTree = "<group>"; };
		79A6CB8629CF35DA0086C6A6 /* WeatherRow.swift */ = {isa = PBXFileReference; lastKnownFileType = sourcecode.swift; path = WeatherRow.swift; sourceTree = "<group>"; };
		79A6CBA429D03E060086C6A6 /* ContentViewPlant.swift */ = {isa = PBXFileReference; lastKnownFileType = sourcecode.swift; path = ContentViewPlant.swift; sourceTree = "<group>"; };
		79A6CBA629D03E400086C6A6 /* ChoosePlant.swift */ = {isa = PBXFileReference; lastKnownFileType = sourcecode.swift; path = ChoosePlant.swift; sourceTree = "<group>"; };
		79A6CBA829D03E5E0086C6A6 /* Plant.swift */ = {isa = PBXFileReference; lastKnownFileType = sourcecode.swift; path = Plant.swift; sourceTree = "<group>"; };
		79A6CBAA29D03E7A0086C6A6 /* Description.swift */ = {isa = PBXFileReference; lastKnownFileType = sourcecode.swift; path = Description.swift; sourceTree = "<group>"; };
		79A6CBAC29D03E950086C6A6 /* LocalNotification.swift */ = {isa = PBXFileReference; lastKnownFileType = sourcecode.swift; path = LocalNotification.swift; sourceTree = "<group>"; };
		79A6CBAE29D03EB30086C6A6 /* LandingView.swift */ = {isa = PBXFileReference; lastKnownFileType = sourcecode.swift; path = LandingView.swift; sourceTree = "<group>"; };
/* End PBXFileReference section */

/* Begin PBXFrameworksBuildPhase section */
		79A6CB5C29CB09070086C6A6 /* Frameworks */ = {
			isa = PBXFrameworksBuildPhase;
			buildActionMask = 2147483647;
			files = (
			);
			runOnlyForDeploymentPostprocessing = 0;
		};
/* End PBXFrameworksBuildPhase section */

/* Begin PBXGroup section */
		79A6CB5629CB09070086C6A6 = {
			isa = PBXGroup;
			children = (
				79A6CB6129CB09070086C6A6 /* WeatherMenu */,
				79A6CB6029CB09070086C6A6 /* Products */,
			);
			sourceTree = "<group>";
		};
		79A6CB6029CB09070086C6A6 /* Products */ = {
			isa = PBXGroup;
			children = (
				79A6CB5F29CB09070086C6A6 /* WeatherMenu.app */,
			);
			name = Products;
			sourceTree = "<group>";
		};
		79A6CB6129CB09070086C6A6 /* WeatherMenu */ = {
			isa = PBXGroup;
			children = (
				79A6CB6229CB09070086C6A6 /* WeatherMenuApp.swift */,
				79A6CB8529CF35C30086C6A6 /* Components */,
				79A6CB7429CB0CA10086C6A6 /* Views */,
				79A6CB7129CB09B20086C6A6 /* Managers */,
				79A6CB6629CB09080086C6A6 /* Assets.xcassets */,
				79A6CB6829CB09080086C6A6 /* Preview Content */,
				79A6CB8329CF1B520086C6A6 /* Extension.swift */,
			);
			path = WeatherMenu;
			sourceTree = "<group>";
		};
		79A6CB6829CB09080086C6A6 /* Preview Content */ = {
			isa = PBXGroup;
			children = (
				79A6CB6929CB09080086C6A6 /* Preview Assets.xcassets */,
				79A6CB7D29CD93FD0086C6A6 /* ModelData.swift */,
				79A6CB8129CF19F60086C6A6 /* weatherData.json */,
			);
			path = "Preview Content";
			sourceTree = "<group>";
		};
		79A6CB7129CB09B20086C6A6 /* Managers */ = {
			isa = PBXGroup;
			children = (
				79A6CB7229CB09E30086C6A6 /* LocationManager.swift */,
				79A6CB7929CC24090086C6A6 /* WeatherManager.swift */,
			);
			path = Managers;
			sourceTree = "<group>";
		};
		79A6CB7429CB0CA10086C6A6 /* Views */ = {
			isa = PBXGroup;
			children = (
				79A6CBA429D03E060086C6A6 /* ContentViewPlant.swift */,
				79A6CBAE29D03EB30086C6A6 /* LandingView.swift */,
				79A6CBA629D03E400086C6A6 /* ChoosePlant.swift */,
				79A6CBAA29D03E7A0086C6A6 /* Description.swift */,
				79A6CBAC29D03E950086C6A6 /* LocalNotification.swift */,
				79A6CBA829D03E5E0086C6A6 /* Plant.swift */,
				79A6CB6429CB09070086C6A6 /* ContentView.swift */,
				79A6CB7529CB0DA60086C6A6 /* WelcomevView.swift */,
				79A6CB7729CB11180086C6A6 /* LoadingView.swift */,
				79A6CB7B29CD8FCA0086C6A6 /* WeatherView.swift */,
			);
			path = Views;
			sourceTree = "<group>";
		};
		79A6CB8529CF35C30086C6A6 /* Components */ = {
			isa = PBXGroup;
			children = (
				79A6CB8629CF35DA0086C6A6 /* WeatherRow.swift */,
			);
			path = Components;
			sourceTree = "<group>";
		};
/* End PBXGroup section */

/* Begin PBXNativeTarget section */
		79A6CB5E29CB09070086C6A6 /* WeatherMenu */ = {
			isa = PBXNativeTarget;
			buildConfigurationList = 79A6CB6D29CB09080086C6A6 /* Build configuration list for PBXNativeTarget "WeatherMenu" */;
			buildPhases = (
				79A6CB5B29CB09070086C6A6 /* Sources */,
				79A6CB5C29CB09070086C6A6 /* Frameworks */,
				79A6CB5D29CB09070086C6A6 /* Resources */,
			);
			buildRules = (
			);
			dependencies = (
			);
			name = WeatherMenu;
			productName = WeatherMenu;
			productReference = 79A6CB5F29CB09070086C6A6 /* WeatherMenu.app */;
			productType = "com.apple.product-type.application";
		};
/* End PBXNativeTarget section */

/* Begin PBXProject section */
		79A6CB5729CB09070086C6A6 /* Project object */ = {
			isa = PBXProject;
			attributes = {
				BuildIndependentTargetsInParallel = 1;
				LastSwiftUpdateCheck = 1420;
				LastUpgradeCheck = 1420;
				TargetAttributes = {
					79A6CB5E29CB09070086C6A6 = {
						CreatedOnToolsVersion = 14.2;
					};
				};
			};
			buildConfigurationList = 79A6CB5A29CB09070086C6A6 /* Build configuration list for PBXProject "WeatherMenu" */;
			compatibilityVersion = "Xcode 14.0";
			developmentRegion = en;
			hasScannedForEncodings = 0;
			knownRegions = (
				en,
				Base,
			);
			mainGroup = 79A6CB5629CB09070086C6A6;
			productRefGroup = 79A6CB6029CB09070086C6A6 /* Products */;
			projectDirPath = "";
			projectRoot = "";
			targets = (
				79A6CB5E29CB09070086C6A6 /* WeatherMenu */,
			);
		};
/* End PBXProject section */

/* Begin PBXResourcesBuildPhase section */
		79A6CB5D29CB09070086C6A6 /* Resources */ = {
			isa = PBXResourcesBuildPhase;
			buildActionMask = 2147483647;
			files = (
				79A6CB6A29CB09080086C6A6 /* Preview Assets.xcassets in Resources */,
				79A6CB8229CF19F60086C6A6 /* weatherData.json in Resources */,
				79A6CB6729CB09080086C6A6 /* Assets.xcassets in Resources */,
			);
			runOnlyForDeploymentPostprocessing = 0;
		};
/* End PBXResourcesBuildPhase section */

/* Begin PBXSourcesBuildPhase section */
		79A6CB5B29CB09070086C6A6 /* Sources */ = {
			isa = PBXSourcesBuildPhase;
			buildActionMask = 2147483647;
			files = (
				79A6CB8429CF1B520086C6A6 /* Extension.swift in Sources */,
				79A6CB7A29CC24090086C6A6 /* WeatherManager.swift in Sources */,
				79A6CB6529CB09070086C6A6 /* ContentView.swift in Sources */,
				79A6CB6329CB09070086C6A6 /* WeatherMenuApp.swift in Sources */,
				79A6CBAF29D03EB30086C6A6 /* LandingView.swift in Sources */,
				79A6CB7629CB0DA60086C6A6 /* WelcomevView.swift in Sources */,
				79A6CB8729CF35DA0086C6A6 /* WeatherRow.swift in Sources */,
				79A6CBA929D03E5E0086C6A6 /* Plant.swift in Sources */,
				79A6CBA529D03E060086C6A6 /* ContentViewPlant.swift in Sources */,
				79A6CBAD29D03E950086C6A6 /* LocalNotification.swift in Sources */,
				79A6CB7829CB11180086C6A6 /* LoadingView.swift in Sources */,
				79A6CBA729D03E400086C6A6 /* ChoosePlant.swift in Sources */,
				79A6CBAB29D03E7A0086C6A6 /* Description.swift in Sources */,
				79A6CB7E29CD93FD0086C6A6 /* ModelData.swift in Sources */,
				79A6CB7C29CD8FCA0086C6A6 /* WeatherView.swift in Sources */,
				79A6CB7329CB09E30086C6A6 /* LocationManager.swift in Sources */,
			);
			runOnlyForDeploymentPostprocessing = 0;
		};
/* End PBXSourcesBuildPhase section */

/* Begin XCBuildConfiguration section */
		79A6CB6B29CB09080086C6A6 /* Debug */ = {
			isa = XCBuildConfiguration;
			buildSettings = {
				ALWAYS_SEARCH_USER_PATHS = NO;
				CLANG_ANALYZER_NONNULL = YES;
				CLANG_ANALYZER_NUMBER_OBJECT_CONVERSION = YES_AGGRESSIVE;
				CLANG_CXX_LANGUAGE_STANDARD = "gnu++20";
				CLANG_ENABLE_MODULES = YES;
				CLANG_ENABLE_OBJC_ARC = YES;
				CLANG_ENABLE_OBJC_WEAK = YES;
				CLANG_WARN_BLOCK_CAPTURE_AUTORELEASING = YES;
				CLANG_WARN_BOOL_CONVERSION = YES;
				CLANG_WARN_COMMA = YES;
				CLANG_WARN_CONSTANT_CONVERSION = YES;
				CLANG_WARN_DEPRECATED_OBJC_IMPLEMENTATIONS = YES;
				CLANG_WARN_DIRECT_OBJC_ISA_USAGE = YES_ERROR;
				CLANG_WARN_DOCUMENTATION_COMMENTS = YES;
				CLANG_WARN_EMPTY_BODY = YES;
				CLANG_WARN_ENUM_CONVERSION = YES;
				CLANG_WARN_INFINITE_RECURSION = YES;
				CLANG_WARN_INT_CONVERSION = YES;
				CLANG_WARN_NON_LITERAL_NULL_CONVERSION = YES;
				CLANG_WARN_OBJC_IMPLICIT_RETAIN_SELF = YES;
				CLANG_WARN_OBJC_LITERAL_CONVERSION = YES;
				CLANG_WARN_OBJC_ROOT_CLASS = YES_ERROR;
				CLANG_WARN_QUOTED_INCLUDE_IN_FRAMEWORK_HEADER = YES;
				CLANG_WARN_RANGE_LOOP_ANALYSIS = YES;
				CLANG_WARN_STRICT_PROTOTYPES = YES;
				CLANG_WARN_SUSPICIOUS_MOVE = YES;
				CLANG_WARN_UNGUARDED_AVAILABILITY = YES_AGGRESSIVE;
				CLANG_WARN_UNREACHABLE_CODE = YES;
				CLANG_WARN__DUPLICATE_METHOD_MATCH = YES;
				COPY_PHASE_STRIP = NO;
				DEBUG_INFORMATION_FORMAT = dwarf;
				ENABLE_STRICT_OBJC_MSGSEND = YES;
				ENABLE_TESTABILITY = YES;
				GCC_C_LANGUAGE_STANDARD = gnu11;
				GCC_DYNAMIC_NO_PIC = NO;
				GCC_NO_COMMON_BLOCKS = YES;
				GCC_OPTIMIZATION_LEVEL = 0;
				GCC_PREPROCESSOR_DEFINITIONS = (
					"DEBUG=1",
					"$(inherited)",
				);
				GCC_WARN_64_TO_32_BIT_CONVERSION = YES;
				GCC_WARN_ABOUT_RETURN_TYPE = YES_ERROR;
				GCC_WARN_UNDECLARED_SELECTOR = YES;
				GCC_WARN_UNINITIALIZED_AUTOS = YES_AGGRESSIVE;
				GCC_WARN_UNUSED_FUNCTION = YES;
				GCC_WARN_UNUSED_VARIABLE = YES;
				IPHONEOS_DEPLOYMENT_TARGET = 16.2;
				MTL_ENABLE_DEBUG_INFO = INCLUDE_SOURCE;
				MTL_FAST_MATH = YES;
				ONLY_ACTIVE_ARCH = YES;
				SDKROOT = iphoneos;
				SWIFT_ACTIVE_COMPILATION_CONDITIONS = DEBUG;
				SWIFT_OPTIMIZATION_LEVEL = "-Onone";
			};
			name = Debug;
		};
		79A6CB6C29CB09080086C6A6 /* Release */ = {
			isa = XCBuildConfiguration;
			buildSettings = {
				ALWAYS_SEARCH_USER_PATHS = NO;
				CLANG_ANALYZER_NONNULL = YES;
				CLANG_ANALYZER_NUMBER_OBJECT_CONVERSION = YES_AGGRESSIVE;
				CLANG_CXX_LANGUAGE_STANDARD = "gnu++20";
				CLANG_ENABLE_MODULES = YES;
				CLANG_ENABLE_OBJC_ARC = YES;
				CLANG_ENABLE_OBJC_WEAK = YES;
				CLANG_WARN_BLOCK_CAPTURE_AUTORELEASING = YES;
				CLANG_WARN_BOOL_CONVERSION = YES;
				CLANG_WARN_COMMA = YES;
				CLANG_WARN_CONSTANT_CONVERSION = YES;
				CLANG_WARN_DEPRECATED_OBJC_IMPLEMENTATIONS = YES;
				CLANG_WARN_DIRECT_OBJC_ISA_USAGE = YES_ERROR;
				CLANG_WARN_DOCUMENTATION_COMMENTS = YES;
				CLANG_WARN_EMPTY_BODY = YES;
				CLANG_WARN_ENUM_CONVERSION = YES;
				CLANG_WARN_INFINITE_RECURSION = YES;
				CLANG_WARN_INT_CONVERSION = YES;
				CLANG_WARN_NON_LITERAL_NULL_CONVERSION = YES;
				CLANG_WARN_OBJC_IMPLICIT_RETAIN_SELF = YES;
				CLANG_WARN_OBJC_LITERAL_CONVERSION = YES;
				CLANG_WARN_OBJC_ROOT_CLASS = YES_ERROR;
				CLANG_WARN_QUOTED_INCLUDE_IN_FRAMEWORK_HEADER = YES;
				CLANG_WARN_RANGE_LOOP_ANALYSIS = YES;
				CLANG_WARN_STRICT_PROTOTYPES = YES;
				CLANG_WARN_SUSPICIOUS_MOVE = YES;
				CLANG_WARN_UNGUARDED_AVAILABILITY = YES_AGGRESSIVE;
				CLANG_WARN_UNREACHABLE_CODE = YES;
				CLANG_WARN__DUPLICATE_METHOD_MATCH = YES;
				COPY_PHASE_STRIP = NO;
				DEBUG_INFORMATION_FORMAT = "dwarf-with-dsym";
				ENABLE_NS_ASSERTIONS = NO;
				ENABLE_STRICT_OBJC_MSGSEND = YES;
				GCC_C_LANGUAGE_STANDARD = gnu11;
				GCC_NO_COMMON_BLOCKS = YES;
				GCC_WARN_64_TO_32_BIT_CONVERSION = YES;
				GCC_WARN_ABOUT_RETURN_TYPE = YES_ERROR;
				GCC_WARN_UNDECLARED_SELECTOR = YES;
				GCC_WARN_UNINITIALIZED_AUTOS = YES_AGGRESSIVE;
				GCC_WARN_UNUSED_FUNCTION = YES;
				GCC_WARN_UNUSED_VARIABLE = YES;
				IPHONEOS_DEPLOYMENT_TARGET = 16.2;
				MTL_ENABLE_DEBUG_INFO = NO;
				MTL_FAST_MATH = YES;
				SDKROOT = iphoneos;
				SWIFT_COMPILATION_MODE = wholemodule;
				SWIFT_OPTIMIZATION_LEVEL = "-O";
				VALIDATE_PRODUCT = YES;
			};
			name = Release;
		};
		79A6CB6E29CB09080086C6A6 /* Debug */ = {
			isa = XCBuildConfiguration;
			buildSettings = {
				ASSETCATALOG_COMPILER_APPICON_NAME = AppIcon;
				ASSETCATALOG_COMPILER_GLOBAL_ACCENT_COLOR_NAME = AccentColor;
				CODE_SIGN_STYLE = Automatic;
				CURRENT_PROJECT_VERSION = 1;
				DEVELOPMENT_ASSET_PATHS = "\"WeatherMenu/Preview Content\"";
				DEVELOPMENT_TEAM = PM68VG5TVC;
				ENABLE_PREVIEWS = YES;
				GENERATE_INFOPLIST_FILE = YES;
				INFOPLIST_KEY_CFBundleDisplayName = CaraPlanta;
				INFOPLIST_KEY_UIApplicationSceneManifest_Generation = YES;
				INFOPLIST_KEY_UIApplicationSupportsIndirectInputEvents = YES;
				INFOPLIST_KEY_UILaunchScreen_Generation = YES;
				INFOPLIST_KEY_UISupportedInterfaceOrientations_iPad = "UIInterfaceOrientationPortrait UIInterfaceOrientationPortraitUpsideDown UIInterfaceOrientationLandscapeLeft UIInterfaceOrientationLandscapeRight";
				INFOPLIST_KEY_UISupportedInterfaceOrientations_iPhone = "UIInterfaceOrientationPortrait UIInterfaceOrientationLandscapeLeft UIInterfaceOrientationLandscapeRight";
				IPHONEOS_DEPLOYMENT_TARGET = 16.0;
				LD_RUNPATH_SEARCH_PATHS = (
					"$(inherited)",
					"@executable_path/Frameworks",
				);
				MARKETING_VERSION = 1.0;
				PRODUCT_BUNDLE_IDENTIFIER = "ADA-code.WeatherMenu";
				PRODUCT_NAME = "$(TARGET_NAME)";
				SWIFT_EMIT_LOC_STRINGS = YES;
				SWIFT_VERSION = 5.0;
				TARGETED_DEVICE_FAMILY = "1,2";
			};
			name = Debug;
		};
		79A6CB6F29CB09080086C6A6 /* Release */ = {
			isa = XCBuildConfiguration;
			buildSettings = {
				ASSETCATALOG_COMPILER_APPICON_NAME = AppIcon;
				ASSETCATALOG_COMPILER_GLOBAL_ACCENT_COLOR_NAME = AccentColor;
				CODE_SIGN_STYLE = Automatic;
				CURRENT_PROJECT_VERSION = 1;
				DEVELOPMENT_ASSET_PATHS = "\"WeatherMenu/Preview Content\"";
				DEVELOPMENT_TEAM = PM68VG5TVC;
				ENABLE_PREVIEWS = YES;
				GENERATE_INFOPLIST_FILE = YES;
				INFOPLIST_KEY_CFBundleDisplayName = CaraPlanta;
				INFOPLIST_KEY_UIApplicationSceneManifest_Generation = YES;
				INFOPLIST_KEY_UIApplicationSupportsIndirectInputEvents = YES;
				INFOPLIST_KEY_UILaunchScreen_Generation = YES;
				INFOPLIST_KEY_UISupportedInterfaceOrientations_iPad = "UIInterfaceOrientationPortrait UIInterfaceOrientationPortraitUpsideDown UIInterfaceOrientationLandscapeLeft UIInterfaceOrientationLandscapeRight";
				INFOPLIST_KEY_UISupportedInterfaceOrientations_iPhone = "UIInterfaceOrientationPortrait UIInterfaceOrientationLandscapeLeft UIInterfaceOrientationLandscapeRight";
				IPHONEOS_DEPLOYMENT_TARGET = 16.0;
				LD_RUNPATH_SEARCH_PATHS = (
					"$(inherited)",
					"@executable_path/Frameworks",
				);
				MARKETING_VERSION = 1.0;
				PRODUCT_BUNDLE_IDENTIFIER = "ADA-code.WeatherMenu";
				PRODUCT_NAME = "$(TARGET_NAME)";
				SWIFT_EMIT_LOC_STRINGS = YES;
				SWIFT_VERSION = 5.0;
				TARGETED_DEVICE_FAMILY = "1,2";
			};
			name = Release;
		};
/* End XCBuildConfiguration section */

/* Begin XCConfigurationList section */
		79A6CB5A29CB09070086C6A6 /* Build configuration list for PBXProject "WeatherMenu" */ = {
			isa = XCConfigurationList;
			buildConfigurations = (
				79A6CB6B29CB09080086C6A6 /* Debug */,
				79A6CB6C29CB09080086C6A6 /* Release */,
			);
			defaultConfigurationIsVisible = 0;
			defaultConfigurationName = Release;
		};
		79A6CB6D29CB09080086C6A6 /* Build configuration list for PBXNativeTarget "WeatherMenu" */ = {
			isa = XCConfigurationList;
			buildConfigurations = (
				79A6CB6E29CB09080086C6A6 /* Debug */,
				79A6CB6F29CB09080086C6A6 /* Release */,
			);
			defaultConfigurationIsVisible = 0;
			defaultConfigurationName = Release;
		};
/* End XCConfigurationList section */
	};
	rootObject = 79A6CB5729CB09070086C6A6 /* Project object */;
}
